# This file was generated by Aiken
# You typically do not need to edit this file

[[requirements]]
name = "aiken-lang/stdlib"
version = "1.7.0"
source = "github"

[[requirements]]
name = "aiken-lang/fortuna"
version = "d2e5831f92b1b596bb2cc1ab801509da28650fcc"
source = "github"

[[packages]]
name = "aiken-lang/stdlib"
version = "1.7.0"
requirements = []
source = "github"

[[packages]]
name = "aiken-lang/fortuna"
version = "d2e5831f92b1b596bb2cc1ab801509da28650fcc"
requirements = []
source = "github"

[etags]
